
Microsoft Visual Studio Solution File, Format Version 12.00
Project("{FAE04EC0-301F-11D3-BF4B-00C04F79EFBC}") = "OpenShiftDemoApp", "OpenShiftDemoApp\OpenShiftDemoApp.csproj", "{A802D850-B984-4993-9E72-760229441DF7}"
EndProject
Global
	GlobalSection(SolutionConfigurationPlatforms) = preSolution
		Debug|Any CPU = Debug|Any CPU
		Release|Any CPU = Release|Any CPU
	EndGlobalSection
	GlobalSection(ProjectConfigurationPlatforms) = postSolution
		{A802D850-B984-4993-9E72-760229441DF7}.Debug|Any CPU.ActiveCfg = Debug|Any CPU
		{A802D850-B984-4993-9E72-760229441DF7}.Debug|Any CPU.Build.0 = Debug|Any CPU
		{A802D850-B984-4993-9E72-760229441DF7}.Release|Any CPU.ActiveCfg = Release|Any CPU
		{A802D850-B984-4993-9E72-760229441DF7}.Release|Any CPU.Build.0 = Release|Any CPU
	EndGlobalSection
EndGlobal
